
Microsoft Visual Studio Solution File, Format Version 12.00
# Visual Studio 15
VisualStudioVersion = 15.0.26228.9
MinimumVisualStudioVersion = 10.0.40219.1
Project("{2150E333-8FDC-42A3-9474-1A3956D46DE8}") = "src", "src", "{20C96100-5042-420C-8E6C-87B9E73F8065}"
EndProject
Project("{2150E333-8FDC-42A3-9474-1A3956D46DE8}") = "Solution Items", "Solution Items", "{3FFEA844-A3C0-4641-934F-8336547341F6}"
	ProjectSection(SolutionItems) = preProject
		LICENSE.txt = LICENSE.txt
		Readme.md = Readme.md
	EndProjectSection
EndProject
Project("{2150E333-8FDC-42A3-9474-1A3956D46DE8}") = "test", "test", "{D8E8D23B-DD0E-42C0-89D6-C99B2BF41858}"
EndProject
Project("{9A19103F-16F7-4668-BE54-9A1E7A4F7556}") = "SparkPostDotNet", "src\SparkPostDotNet\SparkPostDotNet.csproj", "{4B79FA65-2693-40DD-B62B-6D0D9C04F949}"
EndProject
Project("{9A19103F-16F7-4668-BE54-9A1E7A4F7556}") = "SparkPostDotNet.Tests", "test\SparkPostDotNet.Tests\SparkPostDotNet.Tests.csproj", "{B8CA83D0-E013-4B75-AE27-C3DF5A61A245}"
EndProject
Global
	GlobalSection(SolutionConfigurationPlatforms) = preSolution
		Debug|Any CPU = Debug|Any CPU
		Release|Any CPU = Release|Any CPU
	EndGlobalSection
	GlobalSection(ProjectConfigurationPlatforms) = postSolution
		{4B79FA65-2693-40DD-B62B-6D0D9C04F949}.Debug|Any CPU.ActiveCfg = Debug|Any CPU
		{4B79FA65-2693-40DD-B62B-6D0D9C04F949}.Debug|Any CPU.Build.0 = Debug|Any CPU
		{4B79FA65-2693-40DD-B62B-6D0D9C04F949}.Release|Any CPU.ActiveCfg = Release|Any CPU
		{4B79FA65-2693-40DD-B62B-6D0D9C04F949}.Release|Any CPU.Build.0 = Release|Any CPU
		{B8CA83D0-E013-4B75-AE27-C3DF5A61A245}.Debug|Any CPU.ActiveCfg = Debug|Any CPU
		{B8CA83D0-E013-4B75-AE27-C3DF5A61A245}.Debug|Any CPU.Build.0 = Debug|Any CPU
		{B8CA83D0-E013-4B75-AE27-C3DF5A61A245}.Release|Any CPU.ActiveCfg = Release|Any CPU
		{B8CA83D0-E013-4B75-AE27-C3DF5A61A245}.Release|Any CPU.Build.0 = Release|Any CPU
	EndGlobalSection
	GlobalSection(SolutionProperties) = preSolution
		HideSolutionNode = FALSE
	EndGlobalSection
	GlobalSection(NestedProjects) = preSolution
		{4B79FA65-2693-40DD-B62B-6D0D9C04F949} = {20C96100-5042-420C-8E6C-87B9E73F8065}
		{B8CA83D0-E013-4B75-AE27-C3DF5A61A245} = {D8E8D23B-DD0E-42C0-89D6-C99B2BF41858}
	EndGlobalSection
EndGlobal
